
Microsoft Visual Studio Solution File, Format Version 12.00
# Visual Studio Version 17
VisualStudioVersion = 17.10.34916.146
MinimumVisualStudioVersion = 10.0.40219.1
Project("{FAE04EC0-301F-11D3-BF4B-00C04F79EFBC}") = "ПагинацияКтиторов", "ПагинацияКтиторов\ПагинацияКтиторов.csproj", "{FAB18AF1-75A3-4EC3-A49B-E4AA75BBD224}"
EndProject
Global
	GlobalSection(SolutionConfigurationPlatforms) = preSolution
		Debug|Any CPU = Debug|Any CPU
		Release|Any CPU = Release|Any CPU
	EndGlobalSection
	GlobalSection(ProjectConfigurationPlatforms) = postSolution
		{FAB18AF1-75A3-4EC3-A49B-E4AA75BBD224}.Debug|Any CPU.ActiveCfg = Debug|Any CPU
		{FAB18AF1-75A3-4EC3-A49B-E4AA75BBD224}.Debug|Any CPU.Build.0 = Debug|Any CPU
		{FAB18AF1-75A3-4EC3-A49B-E4AA75BBD224}.Release|Any CPU.ActiveCfg = Release|Any CPU
		{FAB18AF1-75A3-4EC3-A49B-E4AA75BBD224}.Release|Any CPU.Build.0 = Release|Any CPU
	EndGlobalSection
	GlobalSection(SolutionProperties) = preSolution
		HideSolutionNode = FALSE
	EndGlobalSection
	GlobalSection(ExtensibilityGlobals) = postSolution
		SolutionGuid = {22D63DA7-F30A-472D-89B9-0D81CDDD4B7C}
	EndGlobalSection
EndGlobal
